
Microsoft Visual Studio Solution File, Format Version 12.00
# Visual Studio 14
VisualStudioVersion = 14.0.24720.0
MinimumVisualStudioVersion = 10.0.40219.1
Project("{FAE04EC0-301F-11D3-BF4B-00C04F79EFBC}") = "Blackmire", "Blackmire\Blackmire.csproj", "{DBF6FBBE-4F27-42F1-9570-41C5977700FC}"
EndProject
Project("{FAE04EC0-301F-11D3-BF4B-00C04F79EFBC}") = "PlaygroundCs", "PlaygroundCs\PlaygroundCs.csproj", "{35E2C129-1E67-4F78-AA51-10E2974DA560}"
EndProject
Global
	GlobalSection(SolutionConfigurationPlatforms) = preSolution
		Debug|Any CPU = Debug|Any CPU
		Release|Any CPU = Release|Any CPU
	EndGlobalSection
	GlobalSection(ProjectConfigurationPlatforms) = postSolution
		{DBF6FBBE-4F27-42F1-9570-41C5977700FC}.Debug|Any CPU.ActiveCfg = Debug|Any CPU
		{DBF6FBBE-4F27-42F1-9570-41C5977700FC}.Debug|Any CPU.Build.0 = Debug|Any CPU
		{DBF6FBBE-4F27-42F1-9570-41C5977700FC}.Release|Any CPU.ActiveCfg = Release|Any CPU
		{DBF6FBBE-4F27-42F1-9570-41C5977700FC}.Release|Any CPU.Build.0 = Release|Any CPU
		{35E2C129-1E67-4F78-AA51-10E2974DA560}.Debug|Any CPU.ActiveCfg = Debug|Any CPU
		{35E2C129-1E67-4F78-AA51-10E2974DA560}.Debug|Any CPU.Build.0 = Debug|Any CPU
		{35E2C129-1E67-4F78-AA51-10E2974DA560}.Release|Any CPU.ActiveCfg = Release|Any CPU
		{35E2C129-1E67-4F78-AA51-10E2974DA560}.Release|Any CPU.Build.0 = Release|Any CPU
	EndGlobalSection
	GlobalSection(SolutionProperties) = preSolution
		HideSolutionNode = FALSE
	EndGlobalSection
EndGlobal
